// !$*UTF8*$!
{
	archiveVersion = 1;
	classes = {
	};
	objectVersion = 46;
	objects = {

/* Begin PBXBuildFile section */
		040828F51C3FF01C001CEE8A /* ListController.swift in Sources */ = {isa = PBXBuildFile; fileRef = 040828F41C3FF01C001CEE8A /* ListController.swift */; };
		040828F91C3FF1F3001CEE8A /* ItemController.swift in Sources */ = {isa = PBXBuildFile; fileRef = 040828F81C3FF1F3001CEE8A /* ItemController.swift */; };
		040D06D11C3FAE05003E03A4 /* AppDelegate.swift in Sources */ = {isa = PBXBuildFile; fileRef = 040D06D01C3FAE05003E03A4 /* AppDelegate.swift */; };
		040D06D31C3FAE05003E03A4 /* ViewController.swift in Sources */ = {isa = PBXBuildFile; fileRef = 040D06D21C3FAE05003E03A4 /* ViewController.swift */; };
		040D06D61C3FAE05003E03A4 /* Main.storyboard in Resources */ = {isa = PBXBuildFile; fileRef = 040D06D41C3FAE05003E03A4 /* Main.storyboard */; };
		040D06D81C3FAE05003E03A4 /* Assets.xcassets in Resources */ = {isa = PBXBuildFile; fileRef = 040D06D71C3FAE05003E03A4 /* Assets.xcassets */; };
		040D06DB1C3FAE05003E03A4 /* LaunchScreen.storyboard in Resources */ = {isa = PBXBuildFile; fileRef = 040D06D91C3FAE05003E03A4 /* LaunchScreen.storyboard */; };
		04C1697A1C3FB20B0058DCE5 /* SketchyUIKit.framework in Frameworks */ = {isa = PBXBuildFile; fileRef = 04C169791C3FB20B0058DCE5 /* SketchyUIKit.framework */; };
/* End PBXBuildFile section */

/* Begin PBXFileReference section */
		040828F41C3FF01C001CEE8A /* ListController.swift */ = {isa = PBXFileReference; fileEncoding = 4; lastKnownFileType = sourcecode.swift; path = ListController.swift; sourceTree = "<group>"; };
		040828F81C3FF1F3001CEE8A /* ItemController.swift */ = {isa = PBXFileReference; fileEncoding = 4; lastKnownFileType = sourcecode.swift; path = ItemController.swift; sourceTree = "<group>"; };
		040D06CD1C3FAE05003E03A4 /* SketchySample.app */ = {isa = PBXFileReference; explicitFileType = wrapper.application; includeInIndex = 0; path = SketchySample.app; sourceTree = BUILT_PRODUCTS_DIR; };
		040D06D01C3FAE05003E03A4 /* AppDelegate.swift */ = {isa = PBXFileReference; lastKnownFileType = sourcecode.swift; path = AppDelegate.swift; sourceTree = "<group>"; };
		040D06D21C3FAE05003E03A4 /* ViewController.swift */ = {isa = PBXFileReference; lastKnownFileType = sourcecode.swift; path = ViewController.swift; sourceTree = "<group>"; };
		040D06D51C3FAE05003E03A4 /* Base */ = {isa = PBXFileReference; lastKnownFileType = file.storyboard; name = Base; path = Base.lproj/Main.storyboard; sourceTree = "<group>"; };
		040D06D71C3FAE05003E03A4 /* Assets.xcassets */ = {isa = PBXFileReference; lastKnownFileType = folder.assetcatalog; path = Assets.xcassets; sourceTree = "<group>"; };
		040D06DA1C3FAE05003E03A4 /* Base */ = {isa = PBXFileReference; lastKnownFileType = file.storyboard; name = Base; path = Base.lproj/LaunchScreen.storyboard; sourceTree = "<group>"; };
		040D06DC1C3FAE05003E03A4 /* Info.plist */ = {isa = PBXFileReference; lastKnownFileType = text.plist.xml; path = Info.plist; sourceTree = "<group>"; };
		04C169791C3FB20B0058DCE5 /* SketchyUIKit.framework */ = {isa = PBXFileReference; lastKnownFileType = wrapper.framework; name = SketchyUIKit.framework; path = "../build/Debug-iphoneos/SketchyUIKit.framework"; sourceTree = "<group>"; };
/* End PBXFileReference section */

/* Begin PBXFrameworksBuildPhase section */
		040D06CA1C3FAE05003E03A4 /* Frameworks */ = {
			isa = PBXFrameworksBuildPhase;
			buildActionMask = 2147483647;
			files = (
				04C1697A1C3FB20B0058DCE5 /* SketchyUIKit.framework in Frameworks */,
			);
			runOnlyForDeploymentPostprocessing = 0;
		};
/* End PBXFrameworksBuildPhase section */

/* Begin PBXGroup section */
		040D06C41C3FAE05003E03A4 = {
			isa = PBXGroup;
			children = (
				04C169791C3FB20B0058DCE5 /* SketchyUIKit.framework */,
				040D06CF1C3FAE05003E03A4 /* SketchySample */,
				040D06CE1C3FAE05003E03A4 /* Products */,
			);
			sourceTree = "<group>";
		};
		040D06CE1C3FAE05003E03A4 /* Products */ = {
			isa = PBXGroup;
			children = (
				040D06CD1C3FAE05003E03A4 /* SketchySample.app */,
			);
			name = Products;
			sourceTree = "<group>";
		};
		040D06CF1C3FAE05003E03A4 /* SketchySample */ = {
			isa = PBXGroup;
			children = (
				040D06D01C3FAE05003E03A4 /* AppDelegate.swift */,
				040D06D21C3FAE05003E03A4 /* ViewController.swift */,
				040828F41C3FF01C001CEE8A /* ListController.swift */,
				040828F81C3FF1F3001CEE8A /* ItemController.swift */,
				040D06D41C3FAE05003E03A4 /* Main.storyboard */,
				040D06D71C3FAE05003E03A4 /* Assets.xcassets */,
				040D06D91C3FAE05003E03A4 /* LaunchScreen.storyboard */,
				040D06DC1C3FAE05003E03A4 /* Info.plist */,
			);
			path = SketchySample;
			sourceTree = "<group>";
		};
/* End PBXGroup section */

/* Begin PBXNativeTarget section */
		040D06CC1C3FAE05003E03A4 /* SketchySample */ = {
			isa = PBXNativeTarget;
			buildConfigurationList = 040D06DF1C3FAE05003E03A4 /* Build configuration list for PBXNativeTarget "SketchySample" */;
			buildPhases = (
				040D06C91C3FAE05003E03A4 /* Sources */,
				040D06CA1C3FAE05003E03A4 /* Frameworks */,
				040D06CB1C3FAE05003E03A4 /* Resources */,
			);
			buildRules = (
			);
			dependencies = (
			);
			name = SketchySample;
			productName = SketchySample;
			productReference = 040D06CD1C3FAE05003E03A4 /* SketchySample.app */;
			productType = "com.apple.product-type.application";
		};
/* End PBXNativeTarget section */

/* Begin PBXProject section */
		040D06C51C3FAE05003E03A4 /* Project object */ = {
			isa = PBXProject;
			attributes = {
				LastSwiftUpdateCheck = 0720;
				LastUpgradeCheck = 0720;
				ORGANIZATIONNAME = thoughtbot;
				TargetAttributes = {
					040D06CC1C3FAE05003E03A4 = {
						CreatedOnToolsVersion = 7.2;
					};
				};
			};
			buildConfigurationList = 040D06C81C3FAE05003E03A4 /* Build configuration list for PBXProject "SketchySample" */;
			compatibilityVersion = "Xcode 3.2";
			developmentRegion = English;
			hasScannedForEncodings = 0;
			knownRegions = (
				en,
				Base,
			);
			mainGroup = 040D06C41C3FAE05003E03A4;
			productRefGroup = 040D06CE1C3FAE05003E03A4 /* Products */;
			projectDirPath = "";
			projectRoot = "";
			targets = (
				040D06CC1C3FAE05003E03A4 /* SketchySample */,
			);
		};
/* End PBXProject section */

/* Begin PBXResourcesBuildPhase section */
		040D06CB1C3FAE05003E03A4 /* Resources */ = {
			isa = PBXResourcesBuildPhase;
			buildActionMask = 2147483647;
			files = (
				040D06DB1C3FAE05003E03A4 /* LaunchScreen.storyboard in Resources */,
				040D06D81C3FAE05003E03A4 /* Assets.xcassets in Resources */,
				040D06D61C3FAE05003E03A4 /* Main.storyboard in Resources */,
			);
			runOnlyForDeploymentPostprocessing = 0;
		};
/* End PBXResourcesBuildPhase section */

/* Begin PBXSourcesBuildPhase section */
		040D06C91C3FAE05003E03A4 /* Sources */ = {
			isa = PBXSourcesBuildPhase;
			buildActionMask = 2147483647;
			files = (
				040D06D31C3FAE05003E03A4 /* ViewController.swift in Sources */,
				040D06D11C3FAE05003E03A4 /* AppDelegate.swift in Sources */,
				040828F91C3FF1F3001CEE8A /* ItemController.swift in Sources */,
				040828F51C3FF01C001CEE8A /* ListController.swift in Sources */,
			);
			runOnlyForDeploymentPostprocessing = 0;
		};
/* End PBXSourcesBuildPhase section */

/* Begin PBXVariantGroup section */
		040D06D41C3FAE05003E03A4 /* Main.storyboard */ = {
			isa = PBXVariantGroup;
			children = (
				040D06D51C3FAE05003E03A4 /* Base */,
			);
			name = Main.storyboard;
			sourceTree = "<group>";
		};
		040D06D91C3FAE05003E03A4 /* LaunchScreen.storyboard */ = {
			isa = PBXVariantGroup;
			children = (
				040D06DA1C3FAE05003E03A4 /* Base */,
			);
			name = LaunchScreen.storyboard;
			sourceTree = "<group>";
		};
/* End PBXVariantGroup section */

/* Begin XCBuildConfiguration section */
		040D06DD1C3FAE05003E03A4 /* Debug */ = {
			isa = XCBuildConfiguration;
			buildSettings = {
				ALWAYS_SEARCH_USER_PATHS = NO;
				CLANG_CXX_LANGUAGE_STANDARD = "gnu++0x";
				CLANG_CXX_LIBRARY = "libc++";
				CLANG_ENABLE_MODULES = YES;
				CLANG_ENABLE_OBJC_ARC = YES;
				CLANG_WARN_BOOL_CONVERSION = YES;
				CLANG_WARN_CONSTANT_CONVERSION = YES;
				CLANG_WARN_DIRECT_OBJC_ISA_USAGE = YES_ERROR;
				CLANG_WARN_EMPTY_BODY = YES;
				CLANG_WARN_ENUM_CONVERSION = YES;
				CLANG_WARN_INT_CONVERSION = YES;
				CLANG_WARN_OBJC_ROOT_CLASS = YES_ERROR;
				CLANG_WARN_UNREACHABLE_CODE = YES;
				CLANG_WARN__DUPLICATE_METHOD_MATCH = YES;
				"CODE_SIGN_IDENTITY[sdk=iphoneos*]" = "iPhone Developer";
				COPY_PHASE_STRIP = NO;
				DEBUG_INFORMATION_FORMAT = dwarf;
				ENABLE_STRICT_OBJC_MSGSEND = YES;
				ENABLE_TESTABILITY = YES;
				GCC_C_LANGUAGE_STANDARD = gnu99;
				GCC_DYNAMIC_NO_PIC = NO;
				GCC_NO_COMMON_BLOCKS = YES;
				GCC_OPTIMIZATION_LEVEL = 0;
				GCC_PREPROCESSOR_DEFINITIONS = (
					"DEBUG=1",
					"$(inherited)",
				);
				GCC_WARN_64_TO_32_BIT_CONVERSION = YES;
				GCC_WARN_ABOUT_RETURN_TYPE = YES_ERROR;
				GCC_WARN_UNDECLARED_SELECTOR = YES;
				GCC_WARN_UNINITIALIZED_AUTOS = YES_AGGRESSIVE;
				GCC_WARN_UNUSED_FUNCTION = YES;
				GCC_WARN_UNUSED_VARIABLE = YES;
				IPHONEOS_DEPLOYMENT_TARGET = 9.2;
				MTL_ENABLE_DEBUG_INFO = YES;
				ONLY_ACTIVE_ARCH = YES;
				SDKROOT = iphoneos;
				SWIFT_OPTIMIZATION_LEVEL = "-Onone";
				TARGETED_DEVICE_FAMILY = "1,2";
			};
			name = Debug;
		};
		040D06DE1C3FAE05003E03A4 /* Release */ = {
			isa = XCBuildConfiguration;
			buildSettings = {
				ALWAYS_SEARCH_USER_PATHS = NO;
				CLANG_CXX_LANGUAGE_STANDARD = "gnu++0x";
				CLANG_CXX_LIBRARY = "libc++";
				CLANG_ENABLE_MODULES = YES;
				CLANG_ENABLE_OBJC_ARC = YES;
				CLANG_WARN_BOOL_CONVERSION = YES;
				CLANG_WARN_CONSTANT_CONVERSION = YES;
				CLANG_WARN_DIRECT_OBJC_ISA_USAGE = YES_ERROR;
				CLANG_WARN_EMPTY_BODY = YES;
				CLANG_WARN_ENUM_CONVERSION = YES;
				CLANG_WARN_INT_CONVERSION = YES;
				CLANG_WARN_OBJC_ROOT_CLASS = YES_ERROR;
				CLANG_WARN_UNREACHABLE_CODE = YES;
				CLANG_WARN__DUPLICATE_METHOD_MATCH = YES;
				"CODE_SIGN_IDENTITY[sdk=iphoneos*]" = "iPhone Developer";
				COPY_PHASE_STRIP = NO;
				DEBUG_INFORMATION_FORMAT = "dwarf-with-dsym";
				ENABLE_NS_ASSERTIONS = NO;
				ENABLE_STRICT_OBJC_MSGSEND = YES;
				GCC_C_LANGUAGE_STANDARD = gnu99;
				GCC_NO_COMMON_BLOCKS = YES;
				GCC_WARN_64_TO_32_BIT_CONVERSION = YES;
				GCC_WARN_ABOUT_RETURN_TYPE = YES_ERROR;
				GCC_WARN_UNDECLARED_SELECTOR = YES;
				GCC_WARN_UNINITIALIZED_AUTOS = YES_AGGRESSIVE;
				GCC_WARN_UNUSED_FUNCTION = YES;
				GCC_WARN_UNUSED_VARIABLE = YES;
				IPHONEOS_DEPLOYMENT_TARGET = 9.2;
				MTL_ENABLE_DEBUG_INFO = NO;
				SDKROOT = iphoneos;
				TARGETED_DEVICE_FAMILY = "1,2";
				VALIDATE_PRODUCT = YES;
			};
			name = Release;
		};
		040D06E01C3FAE05003E03A4 /* Debug */ = {
			isa = XCBuildConfiguration;
			buildSettings = {
				ASSETCATALOG_COMPILER_APPICON_NAME = AppIcon;
				INFOPLIST_FILE = SketchySample/Info.plist;
				LD_RUNPATH_SEARCH_PATHS = "$(inherited) @executable_path/Frameworks";
				PRODUCT_BUNDLE_IDENTIFIER = com.thoughtbot.SketchySample;
				PRODUCT_NAME = "$(TARGET_NAME)";
			};
			name = Debug;
		};
		040D06E11C3FAE05003E03A4 /* Release */ = {
			isa = XCBuildConfiguration;
			buildSettings = {
				ASSETCATALOG_COMPILER_APPICON_NAME = AppIcon;
				INFOPLIST_FILE = SketchySample/Info.plist;
				LD_RUNPATH_SEARCH_PATHS = "$(inherited) @executable_path/Frameworks";
				PRODUCT_BUNDLE_IDENTIFIER = com.thoughtbot.SketchySample;
				PRODUCT_NAME = "$(TARGET_NAME)";
			};
			name = Release;
		};
/* End XCBuildConfiguration section */

/* Begin XCConfigurationList section */
		040D06C81C3FAE05003E03A4 /* Build configuration list for PBXProject "SketchySample" */ = {
			isa = XCConfigurationList;
			buildConfigurations = (
				040D06DD1C3FAE05003E03A4 /* Debug */,
				040D06DE1C3FAE05003E03A4 /* Release */,
			);
			defaultConfigurationIsVisible = 0;
			defaultConfigurationName = Release;
		};
		040D06DF1C3FAE05003E03A4 /* Build configuration list for PBXNativeTarget "SketchySample" */ = {
			isa = XCConfigurationList;
			buildConfigurations = (
				040D06E01C3FAE05003E03A4 /* Debug */,
				040D06E11C3FAE05003E03A4 /* Release */,
			);
			defaultConfigurationIsVisible = 0;
			defaultConfigurationName = Release;
		};
/* End XCConfigurationList section */
	};
	rootObject = 040D06C51C3FAE05003E03A4 /* Project object */;
}
